schema: '2.0'
stages:
  train:
    cmd: rasa data validate &&  rasa train --fixed-model-name ./models/model
    deps:
    - path: data
      md5: a2d25ad0dcfb15c122e132b7b05b2d82.dir
      size: 2270
      nfiles: 3
    params:
      config.yml:
        pipeline:
        policies:
    outs:
    - path: ./models/
      md5: 0968682a17dd850334c9ebf8e34ab881.dir
      size: 24960327
      nfiles: 1
